
Microsoft Visual Studio Solution File, Format Version 12.00
# Visual Studio Version 16
VisualStudioVersion = 16.0.28803.352
MinimumVisualStudioVersion = 10.0.40219.1
Project("{FAE04EC0-301F-11D3-BF4B-00C04F79EFBC}") = "E48_DecimalAHexadecimal", "E48_DecimalAHexadecimal\E48_DecimalAHexadecimal.csproj", "{C8D7D942-F4A7-4BAD-9F26-BCD9A252C703}"
EndProject
Global
	GlobalSection(SolutionConfigurationPlatforms) = preSolution
		Debug|Any CPU = Debug|Any CPU
		Release|Any CPU = Release|Any CPU
	EndGlobalSection
	GlobalSection(ProjectConfigurationPlatforms) = postSolution
		{C8D7D942-F4A7-4BAD-9F26-BCD9A252C703}.Debug|Any CPU.ActiveCfg = Debug|Any CPU
		{C8D7D942-F4A7-4BAD-9F26-BCD9A252C703}.Debug|Any CPU.Build.0 = Debug|Any CPU
		{C8D7D942-F4A7-4BAD-9F26-BCD9A252C703}.Release|Any CPU.ActiveCfg = Release|Any CPU
		{C8D7D942-F4A7-4BAD-9F26-BCD9A252C703}.Release|Any CPU.Build.0 = Release|Any CPU
	EndGlobalSection
	GlobalSection(SolutionProperties) = preSolution
		HideSolutionNode = FALSE
	EndGlobalSection
	GlobalSection(ExtensibilityGlobals) = postSolution
		SolutionGuid = {EE74C814-749A-4424-B62B-5FE30D48C690}
	EndGlobalSection
EndGlobal
